PODS:
  - Alamofire (5.1.0)
  - CameraManager (5.1.0)
  - Charts (3.4.0):
    - Charts/Core (= 3.4.0)
  - Charts/Core (3.4.0)
  - NVActivityIndicatorView (4.8.0):
    - NVActivityIndicatorView/Presenter (= 4.8.0)
  - NVActivityIndicatorView/Presenter (4.8.0)
  - SideMenuSwift (2.0.5)
  - SwiftCSVExport (2.3.0)
  - SwiftyJSON (5.0.0)

DEPENDENCIES:
  - Alamofire
  - CameraManager
  - Charts
  - NVActivityIndicatorView
  - SideMenuSwift
  - SwiftCSVExport
  - SwiftyJSON

SPEC REPOS:
  trunk:
    - Alamofire
    - CameraManager
    - Charts
    - NVActivityIndicatorView
    - SideMenuSwift
    - SwiftCSVExport
    - SwiftyJSON

SPEC CHECKSUMS:
  Alamofire: 9d5c5f602928e512395b30950c5984eca840093c
  CameraManager: aa1386552b3c0a643225a8b7d98703d45d909ff2
  Charts: 74c9f256eaf0460c0c416522d1cf8c634ea6b286
  NVActivityIndicatorView: d24b7ebcf80af5dcd994adb650e2b6c93379270f
  SideMenuSwift: c7d99c270e0fad922a14b81f1dcc7a84c764bcd5
  SwiftCSVExport: cede8b2125f107a4d5ef38db23791383b852992d
  SwiftyJSON: 36413e04c44ee145039d332b4f4e2d3e8d6c4db7

PODFILE CHECKSUM: dc54e337e42800a86882ff9b8c512020b421bdae

COCOAPODS: 1.8.4
